
Microsoft Visual Studio Solution File, Format Version 12.00
# Visual Studio Version 17
VisualStudioVersion = 17.4.33205.214
MinimumVisualStudioVersion = 10.0.40219.1
Project("{FAE04EC0-301F-11D3-BF4B-00C04F79EFBC}") = "Attacker", "Attacker.csproj", "{49593925-3C7C-4DF3-B57E-6E407A46EBE5}"
EndProject
Global
	GlobalSection(SolutionConfigurationPlatforms) = preSolution
		Debug|Any CPU = Debug|Any CPU
		Release|Any CPU = Release|Any CPU
	EndGlobalSection
	GlobalSection(ProjectConfigurationPlatforms) = postSolution
		{49593925-3C7C-4DF3-B57E-6E407A46EBE5}.Debug|Any CPU.ActiveCfg = Debug|Any CPU
		{49593925-3C7C-4DF3-B57E-6E407A46EBE5}.Debug|Any CPU.Build.0 = Debug|Any CPU
		{49593925-3C7C-4DF3-B57E-6E407A46EBE5}.Release|Any CPU.ActiveCfg = Release|Any CPU
		{49593925-3C7C-4DF3-B57E-6E407A46EBE5}.Release|Any CPU.Build.0 = Release|Any CPU
	EndGlobalSection
	GlobalSection(SolutionProperties) = preSolution
		HideSolutionNode = FALSE
	EndGlobalSection
	GlobalSection(ExtensibilityGlobals) = postSolution
		SolutionGuid = {09DFB9B9-B8CC-45A6-9110-B41F4F6D9E74}
	EndGlobalSection
EndGlobal
